
Microsoft Visual Studio Solution File, Format Version 12.00
# Visual Studio Version 17
VisualStudioVersion = 17.3.32922.545
MinimumVisualStudioVersion = 10.0.40219.1
Project("{FAE04EC0-301F-11D3-BF4B-00C04F79EFBC}") = "MvcMovie", "MvcMovie.csproj", "{865126AE-671E-4EC1-9807-E8905624410E}"
EndProject
Global
	GlobalSection(SolutionConfigurationPlatforms) = preSolution
		Debug|Any CPU = Debug|Any CPU
		Release|Any CPU = Release|Any CPU
	EndGlobalSection
	GlobalSection(ProjectConfigurationPlatforms) = postSolution
		{865126AE-671E-4EC1-9807-E8905624410E}.Debug|Any CPU.ActiveCfg = Debug|Any CPU
		{865126AE-671E-4EC1-9807-E8905624410E}.Debug|Any CPU.Build.0 = Debug|Any CPU
		{865126AE-671E-4EC1-9807-E8905624410E}.Release|Any CPU.ActiveCfg = Release|Any CPU
		{865126AE-671E-4EC1-9807-E8905624410E}.Release|Any CPU.Build.0 = Release|Any CPU
	EndGlobalSection
	GlobalSection(SolutionProperties) = preSolution
		HideSolutionNode = FALSE
	EndGlobalSection
	GlobalSection(ExtensibilityGlobals) = postSolution
		SolutionGuid = {A56B18E1-77B2-459B-A8E7-D38CF9646752}
	EndGlobalSection
EndGlobal
